
Microsoft Visual Studio Solution File, Format Version 12.00
# Visual Studio Version 17
VisualStudioVersion = 17.5.002.0
MinimumVisualStudioVersion = 10.0.40219.1
Project("{2150E333-8FDC-42A3-9474-1A3956D46DE8}") = "csharp-prep", "csharp-prep", "{56994EE8-66D5-47BC-90A7-BB6BB598AA17}"
EndProject
Project("{9A19103F-16F7-4668-BE54-9A1E7A4F7556}") = "Prep1", "csharp-prep\Prep1\Prep1.csproj", "{2D62F68E-64AA-4960-BDB9-4C64D50D0DD7}"
EndProject
Project("{9A19103F-16F7-4668-BE54-9A1E7A4F7556}") = "Prep2", "csharp-prep\Prep2\Prep2.csproj", "{FF1BCD36-9D6A-4C40-BE72-50F935EA9802}"
EndProject
Project("{9A19103F-16F7-4668-BE54-9A1E7A4F7556}") = "Prep3", "csharp-prep\Prep3\Prep3.csproj", "{9490F53E-BA84-42F9-A0FC-8151D6C10D23}"
EndProject
Project("{9A19103F-16F7-4668-BE54-9A1E7A4F7556}") = "Prep4", "csharp-prep\Prep4\Prep4.csproj", "{21BD6260-C311-4A3D-9F51-9BA281832F91}"
EndProject
Project("{9A19103F-16F7-4668-BE54-9A1E7A4F7556}") = "Prep5", "csharp-prep\Prep5\Prep5.csproj", "{61FB7096-395B-4D1F-A88C-9E474ADE568E}"
EndProject
Project("{2150E333-8FDC-42A3-9474-1A3956D46DE8}") = "final", "final", "{9CD8CEB7-FF59-4203-97DC-C78280BFB51D}"
EndProject
Project("{9A19103F-16F7-4668-BE54-9A1E7A4F7556}") = "FinalProject", "final\FinalProject\FinalProject.csproj", "{98FC9B87-C0D8-4FDC-B324-CB3C80DA9B41}"
EndProject
Project("{9A19103F-16F7-4668-BE54-9A1E7A4F7556}") = "Foundation1", "final\Foundation1\Foundation1.csproj", "{78AD376A-1526-43A9-89B6-EFFD01EF5078}"
EndProject
Project("{9A19103F-16F7-4668-BE54-9A1E7A4F7556}") = "Foundation2", "final\Foundation2\Foundation2.csproj", "{CFCB3271-9085-4789-B24B-2827CB9D8679}"
EndProject
Project("{9A19103F-16F7-4668-BE54-9A1E7A4F7556}") = "Foundation3", "final\Foundation3\Foundation3.csproj", "{32AF5C8C-3EEA-4384-A905-8D96A11CF0E8}"
EndProject
Project("{9A19103F-16F7-4668-BE54-9A1E7A4F7556}") = "Foundation4", "final\Foundation4\Foundation4.csproj", "{44158596-2300-4C72-BB15-0DF5E59A69D4}"
EndProject
Project("{2150E333-8FDC-42A3-9474-1A3956D46DE8}") = "prepare", "prepare", "{2AA53AC8-F652-49BE-944C-F841BC872A51}"
EndProject
Project("{9A19103F-16F7-4668-BE54-9A1E7A4F7556}") = "Learning02", "prepare\Learning02\Learning02.csproj", "{1A80300C-3232-4AA8-8413-4E3B623869B3}"
EndProject
Project("{9A19103F-16F7-4668-BE54-9A1E7A4F7556}") = "Learning03", "prepare\Learning03\Learning03.csproj", "{9C1194A7-B294-440F-AD3E-69FBBEAF920A}"
EndProject
Project("{9A19103F-16F7-4668-BE54-9A1E7A4F7556}") = "Learning04", "prepare\Learning04\Learning04.csproj", "{9351186A-C588-45D5-888D-4ABD0701617A}"
EndProject
Project("{9A19103F-16F7-4668-BE54-9A1E7A4F7556}") = "Learning05", "prepare\Learning05\Learning05.csproj", "{4DB8CE0A-55CC-49F2-A4B5-A507CCF5F8E4}"
EndProject
Project("{2150E333-8FDC-42A3-9474-1A3956D46DE8}") = "prove", "prove", "{FE0A16DE-5A20-490B-8902-59D4853DC377}"
EndProject
Project("{9A19103F-16F7-4668-BE54-9A1E7A4F7556}") = "Develop02", "prove\Develop02\Develop02.csproj", "{9DB1DD75-5A26-43D4-B0EF-3C068F855911}"
EndProject
Project("{9A19103F-16F7-4668-BE54-9A1E7A4F7556}") = "Develop03", "prove\Develop03\Develop03.csproj", "{2637816D-F791-4CD0-8CC6-F59B901F7731}"
EndProject
Project("{9A19103F-16F7-4668-BE54-9A1E7A4F7556}") = "Develop04", "prove\Develop04\Develop04.csproj", "{4D9917F3-B534-4714-91C9-ABF4ACB2C90B}"
EndProject
Project("{9A19103F-16F7-4668-BE54-9A1E7A4F7556}") = "Develop05", "prove\Develop05\Develop05.csproj", "{2E3521CE-F364-4E5C-B730-0807E97AAD86}"
EndProject
Project("{2150E333-8FDC-42A3-9474-1A3956D46DE8}") = "sandbox", "sandbox", "{36C2DBEE-9866-43F3-A287-646F01F71338}"
EndProject
Project("{9A19103F-16F7-4668-BE54-9A1E7A4F7556}") = "Sandbox", "sandbox\Sandbox\Sandbox.csproj", "{64B4A3A4-5E6F-473F-BF61-B3A79CF5971E}"
EndProject
Global
	GlobalSection(SolutionConfigurationPlatforms) = preSolution
		Debug|Any CPU = Debug|Any CPU
		Release|Any CPU = Release|Any CPU
	EndGlobalSection
	GlobalSection(ProjectConfigurationPlatforms) = postSolution
		{2D62F68E-64AA-4960-BDB9-4C64D50D0DD7}.Debug|Any CPU.ActiveCfg = Debug|Any CPU
		{2D62F68E-64AA-4960-BDB9-4C64D50D0DD7}.Debug|Any CPU.Build.0 = Debug|Any CPU
		{2D62F68E-64AA-4960-BDB9-4C64D50D0DD7}.Release|Any CPU.ActiveCfg = Release|Any CPU
		{2D62F68E-64AA-4960-BDB9-4C64D50D0DD7}.Release|Any CPU.Build.0 = Release|Any CPU
		{FF1BCD36-9D6A-4C40-BE72-50F935EA9802}.Debug|Any CPU.ActiveCfg = Debug|Any CPU
		{FF1BCD36-9D6A-4C40-BE72-50F935EA9802}.Debug|Any CPU.Build.0 = Debug|Any CPU
		{FF1BCD36-9D6A-4C40-BE72-50F935EA9802}.Release|Any CPU.ActiveCfg = Release|Any CPU
		{FF1BCD36-9D6A-4C40-BE72-50F935EA9802}.Release|Any CPU.Build.0 = Release|Any CPU
		{9490F53E-BA84-42F9-A0FC-8151D6C10D23}.Debug|Any CPU.ActiveCfg = Debug|Any CPU
		{9490F53E-BA84-42F9-A0FC-8151D6C10D23}.Debug|Any CPU.Build.0 = Debug|Any CPU
		{9490F53E-BA84-42F9-A0FC-8151D6C10D23}.Release|Any CPU.ActiveCfg = Release|Any CPU
		{9490F53E-BA84-42F9-A0FC-8151D6C10D23}.Release|Any CPU.Build.0 = Release|Any CPU
		{21BD6260-C311-4A3D-9F51-9BA281832F91}.Debug|Any CPU.ActiveCfg = Debug|Any CPU
		{21BD6260-C311-4A3D-9F51-9BA281832F91}.Debug|Any CPU.Build.0 = Debug|Any CPU
		{21BD6260-C311-4A3D-9F51-9BA281832F91}.Release|Any CPU.ActiveCfg = Release|Any CPU
		{21BD6260-C311-4A3D-9F51-9BA281832F91}.Release|Any CPU.Build.0 = Release|Any CPU
		{61FB7096-395B-4D1F-A88C-9E474ADE568E}.Debug|Any CPU.ActiveCfg = Debug|Any CPU
		{61FB7096-395B-4D1F-A88C-9E474ADE568E}.Debug|Any CPU.Build.0 = Debug|Any CPU
		{61FB7096-395B-4D1F-A88C-9E474ADE568E}.Release|Any CPU.ActiveCfg = Release|Any CPU
		{61FB7096-395B-4D1F-A88C-9E474ADE568E}.Release|Any CPU.Build.0 = Release|Any CPU
		{98FC9B87-C0D8-4FDC-B324-CB3C80DA9B41}.Debug|Any CPU.ActiveCfg = Debug|Any CPU
		{98FC9B87-C0D8-4FDC-B324-CB3C80DA9B41}.Debug|Any CPU.Build.0 = Debug|Any CPU
		{98FC9B87-C0D8-4FDC-B324-CB3C80DA9B41}.Release|Any CPU.ActiveCfg = Release|Any CPU
		{98FC9B87-C0D8-4FDC-B324-CB3C80DA9B41}.Release|Any CPU.Build.0 = Release|Any CPU
		{78AD376A-1526-43A9-89B6-EFFD01EF5078}.Debug|Any CPU.ActiveCfg = Debug|Any CPU
		{78AD376A-1526-43A9-89B6-EFFD01EF5078}.Debug|Any CPU.Build.0 = Debug|Any CPU
		{78AD376A-1526-43A9-89B6-EFFD01EF5078}.Release|Any CPU.ActiveCfg = Release|Any CPU
		{78AD376A-1526-43A9-89B6-EFFD01EF5078}.Release|Any CPU.Build.0 = Release|Any CPU
		{CFCB3271-9085-4789-B24B-2827CB9D8679}.Debug|Any CPU.ActiveCfg = Debug|Any CPU
		{CFCB3271-9085-4789-B24B-2827CB9D8679}.Debug|Any CPU.Build.0 = Debug|Any CPU
		{CFCB3271-9085-4789-B24B-2827CB9D8679}.Release|Any CPU.ActiveCfg = Release|Any CPU
		{CFCB3271-9085-4789-B24B-2827CB9D8679}.Release|Any CPU.Build.0 = Release|Any CPU
		{32AF5C8C-3EEA-4384-A905-8D96A11CF0E8}.Debug|Any CPU.ActiveCfg = Debug|Any CPU
		{32AF5C8C-3EEA-4384-A905-8D96A11CF0E8}.Debug|Any CPU.Build.0 = Debug|Any CPU
		{32AF5C8C-3EEA-4384-A905-8D96A11CF0E8}.Release|Any CPU.ActiveCfg = Release|Any CPU
		{32AF5C8C-3EEA-4384-A905-8D96A11CF0E8}.Release|Any CPU.Build.0 = Release|Any CPU
		{44158596-2300-4C72-BB15-0DF5E59A69D4}.Debug|Any CPU.ActiveCfg = Debug|Any CPU
		{44158596-2300-4C72-BB15-0DF5E59A69D4}.Debug|Any CPU.Build.0 = Debug|Any CPU
		{44158596-2300-4C72-BB15-0DF5E59A69D4}.Release|Any CPU.ActiveCfg = Release|Any CPU
		{44158596-2300-4C72-BB15-0DF5E59A69D4}.Release|Any CPU.Build.0 = Release|Any CPU
		{1A80300C-3232-4AA8-8413-4E3B623869B3}.Debug|Any CPU.ActiveCfg = Debug|Any CPU
		{1A80300C-3232-4AA8-8413-4E3B623869B3}.Debug|Any CPU.Build.0 = Debug|Any CPU
		{1A80300C-3232-4AA8-8413-4E3B623869B3}.Release|Any CPU.ActiveCfg = Release|Any CPU
		{1A80300C-3232-4AA8-8413-4E3B623869B3}.Release|Any CPU.Build.0 = Release|Any CPU
		{9C1194A7-B294-440F-AD3E-69FBBEAF920A}.Debug|Any CPU.ActiveCfg = Debug|Any CPU
		{9C1194A7-B294-440F-AD3E-69FBBEAF920A}.Debug|Any CPU.Build.0 = Debug|Any CPU
		{9C1194A7-B294-440F-AD3E-69FBBEAF920A}.Release|Any CPU.ActiveCfg = Release|Any CPU
		{9C1194A7-B294-440F-AD3E-69FBBEAF920A}.Release|Any CPU.Build.0 = Release|Any CPU
		{9351186A-C588-45D5-888D-4ABD0701617A}.Debug|Any CPU.ActiveCfg = Debug|Any CPU
		{9351186A-C588-45D5-888D-4ABD0701617A}.Debug|Any CPU.Build.0 = Debug|Any CPU
		{9351186A-C588-45D5-888D-4ABD0701617A}.Release|Any CPU.ActiveCfg = Release|Any CPU
		{9351186A-C588-45D5-888D-4ABD0701617A}.Release|Any CPU.Build.0 = Release|Any CPU
		{4DB8CE0A-55CC-49F2-A4B5-A507CCF5F8E4}.Debug|Any CPU.ActiveCfg = Debug|Any CPU
		{4DB8CE0A-55CC-49F2-A4B5-A507CCF5F8E4}.Debug|Any CPU.Build.0 = Debug|Any CPU
		{4DB8CE0A-55CC-49F2-A4B5-A507CCF5F8E4}.Release|Any CPU.ActiveCfg = Release|Any CPU
		{4DB8CE0A-55CC-49F2-A4B5-A507CCF5F8E4}.Release|Any CPU.Build.0 = Release|Any CPU
		{9DB1DD75-5A26-43D4-B0EF-3C068F855911}.Debug|Any CPU.ActiveCfg = Debug|Any CPU
		{9DB1DD75-5A26-43D4-B0EF-3C068F855911}.Debug|Any CPU.Build.0 = Debug|Any CPU
		{9DB1DD75-5A26-43D4-B0EF-3C068F855911}.Release|Any CPU.ActiveCfg = Release|Any CPU
		{9DB1DD75-5A26-43D4-B0EF-3C068F855911}.Release|Any CPU.Build.0 = Release|Any CPU
		{2637816D-F791-4CD0-8CC6-F59B901F7731}.Debug|Any CPU.ActiveCfg = Debug|Any CPU
		{2637816D-F791-4CD0-8CC6-F59B901F7731}.Debug|Any CPU.Build.0 = Debug|Any CPU
		{2637816D-F791-4CD0-8CC6-F59B901F7731}.Release|Any CPU.ActiveCfg = Release|Any CPU
		{2637816D-F791-4CD0-8CC6-F59B901F7731}.Release|Any CPU.Build.0 = Release|Any CPU
		{4D9917F3-B534-4714-91C9-ABF4ACB2C90B}.Debug|Any CPU.ActiveCfg = Debug|Any CPU
		{4D9917F3-B534-4714-91C9-ABF4ACB2C90B}.Debug|Any CPU.Build.0 = Debug|Any CPU
		{4D9917F3-B534-4714-91C9-ABF4ACB2C90B}.Release|Any CPU.ActiveCfg = Release|Any CPU
		{4D9917F3-B534-4714-91C9-ABF4ACB2C90B}.Release|Any CPU.Build.0 = Release|Any CPU
		{2E3521CE-F364-4E5C-B730-0807E97AAD86}.Debug|Any CPU.ActiveCfg = Debug|Any CPU
		{2E3521CE-F364-4E5C-B730-0807E97AAD86}.Debug|Any CPU.Build.0 = Debug|Any CPU
		{2E3521CE-F364-4E5C-B730-0807E97AAD86}.Release|Any CPU.ActiveCfg = Release|Any CPU
		{2E3521CE-F364-4E5C-B730-0807E97AAD86}.Release|Any CPU.Build.0 = Release|Any CPU
		{64B4A3A4-5E6F-473F-BF61-B3A79CF5971E}.Debug|Any CPU.ActiveCfg = Debug|Any CPU
		{64B4A3A4-5E6F-473F-BF61-B3A79CF5971E}.Debug|Any CPU.Build.0 = Debug|Any CPU
		{64B4A3A4-5E6F-473F-BF61-B3A79CF5971E}.Release|Any CPU.ActiveCfg = Release|Any CPU
		{64B4A3A4-5E6F-473F-BF61-B3A79CF5971E}.Release|Any CPU.Build.0 = Release|Any CPU
	EndGlobalSection
	GlobalSection(SolutionProperties) = preSolution
		HideSolutionNode = FALSE
	EndGlobalSection
	GlobalSection(NestedProjects) = preSolution
		{2D62F68E-64AA-4960-BDB9-4C64D50D0DD7} = {56994EE8-66D5-47BC-90A7-BB6BB598AA17}
		{FF1BCD36-9D6A-4C40-BE72-50F935EA9802} = {56994EE8-66D5-47BC-90A7-BB6BB598AA17}
		{9490F53E-BA84-42F9-A0FC-8151D6C10D23} = {56994EE8-66D5-47BC-90A7-BB6BB598AA17}
		{21BD6260-C311-4A3D-9F51-9BA281832F91} = {56994EE8-66D5-47BC-90A7-BB6BB598AA17}
		{61FB7096-395B-4D1F-A88C-9E474ADE568E} = {56994EE8-66D5-47BC-90A7-BB6BB598AA17}
		{98FC9B87-C0D8-4FDC-B324-CB3C80DA9B41} = {9CD8CEB7-FF59-4203-97DC-C78280BFB51D}
		{78AD376A-1526-43A9-89B6-EFFD01EF5078} = {9CD8CEB7-FF59-4203-97DC-C78280BFB51D}
		{CFCB3271-9085-4789-B24B-2827CB9D8679} = {9CD8CEB7-FF59-4203-97DC-C78280BFB51D}
		{32AF5C8C-3EEA-4384-A905-8D96A11CF0E8} = {9CD8CEB7-FF59-4203-97DC-C78280BFB51D}
		{44158596-2300-4C72-BB15-0DF5E59A69D4} = {9CD8CEB7-FF59-4203-97DC-C78280BFB51D}
		{1A80300C-3232-4AA8-8413-4E3B623869B3} = {2AA53AC8-F652-49BE-944C-F841BC872A51}
		{9C1194A7-B294-440F-AD3E-69FBBEAF920A} = {2AA53AC8-F652-49BE-944C-F841BC872A51}
		{9351186A-C588-45D5-888D-4ABD0701617A} = {2AA53AC8-F652-49BE-944C-F841BC872A51}
		{4DB8CE0A-55CC-49F2-A4B5-A507CCF5F8E4} = {2AA53AC8-F652-49BE-944C-F841BC872A51}
		{9DB1DD75-5A26-43D4-B0EF-3C068F855911} = {FE0A16DE-5A20-490B-8902-59D4853DC377}
		{2637816D-F791-4CD0-8CC6-F59B901F7731} = {FE0A16DE-5A20-490B-8902-59D4853DC377}
		{4D9917F3-B534-4714-91C9-ABF4ACB2C90B} = {FE0A16DE-5A20-490B-8902-59D4853DC377}
		{2E3521CE-F364-4E5C-B730-0807E97AAD86} = {FE0A16DE-5A20-490B-8902-59D4853DC377}
		{64B4A3A4-5E6F-473F-BF61-B3A79CF5971E} = {36C2DBEE-9866-43F3-A287-646F01F71338}
	EndGlobalSection
	GlobalSection(ExtensibilityGlobals) = postSolution
		SolutionGuid = {640FC12A-B12D-45D3-A78B-3F860A480C61}
	EndGlobalSection
EndGlobal
